
Microsoft Visual Studio Solution File, Format Version 12.00
# Visual Studio Version 16
VisualStudioVersion = 16.0.31112.23
MinimumVisualStudioVersion = 10.0.40219.1
Project("{9A19103F-16F7-4668-BE54-9A1E7A4F7556}") = "TheRing.Example.Inproc", "TheRing\TheRing.Example.Inproc.csproj", "{3C4A41AE-B2F9-40A3-BA0F-B76A1D167730}"
EndProject
Project("{9A19103F-16F7-4668-BE54-9A1E7A4F7556}") = "TheRing.Common", "TheRing.Common\TheRing.Common.csproj", "{973CB016-3178-4622-95D3-331B6613AB9C}"
EndProject
Project("{9A19103F-16F7-4668-BE54-9A1E7A4F7556}") = "TheRing.Generators", "TheRing.Generators\TheRing.Generators.csproj", "{6FED563E-8735-42F2-A698-8887866E2294}"
EndProject
Project("{9A19103F-16F7-4668-BE54-9A1E7A4F7556}") = "TheRing.Example.GrpcServer", "TheRing.Grpc.Server\TheRing.Example.GrpcServer.csproj", "{10400412-4C06-475D-9924-E1A8F620947D}"
EndProject
Project("{9A19103F-16F7-4668-BE54-9A1E7A4F7556}") = "TheRing.Example.Common", "TheRing.Example.Common\TheRing.Example.Common.csproj", "{B918C991-83FF-437F-8BB0-D88722209646}"
EndProject
Project("{2150E333-8FDC-42A3-9474-1A3956D46DE8}") = "Examples", "Examples", "{51B6C544-ABCA-4A3A-8885-40FA1F7144D4}"
EndProject
Project("{9A19103F-16F7-4668-BE54-9A1E7A4F7556}") = "TheRing.Example.GrpcClient", "TheRing.Example.GrpcClient\TheRing.Example.GrpcClient.csproj", "{077A6710-3F5A-49DC-95AD-1681E41BFCBF}"
EndProject
Global
	GlobalSection(SolutionConfigurationPlatforms) = preSolution
		Debug|Any CPU = Debug|Any CPU
		Release|Any CPU = Release|Any CPU
	EndGlobalSection
	GlobalSection(ProjectConfigurationPlatforms) = postSolution
		{3C4A41AE-B2F9-40A3-BA0F-B76A1D167730}.Debug|Any CPU.ActiveCfg = Debug|Any CPU
		{3C4A41AE-B2F9-40A3-BA0F-B76A1D167730}.Debug|Any CPU.Build.0 = Debug|Any CPU
		{3C4A41AE-B2F9-40A3-BA0F-B76A1D167730}.Release|Any CPU.ActiveCfg = Release|Any CPU
		{3C4A41AE-B2F9-40A3-BA0F-B76A1D167730}.Release|Any CPU.Build.0 = Release|Any CPU
		{973CB016-3178-4622-95D3-331B6613AB9C}.Debug|Any CPU.ActiveCfg = Debug|Any CPU
		{973CB016-3178-4622-95D3-331B6613AB9C}.Debug|Any CPU.Build.0 = Debug|Any CPU
		{973CB016-3178-4622-95D3-331B6613AB9C}.Release|Any CPU.ActiveCfg = Release|Any CPU
		{973CB016-3178-4622-95D3-331B6613AB9C}.Release|Any CPU.Build.0 = Release|Any CPU
		{6FED563E-8735-42F2-A698-8887866E2294}.Debug|Any CPU.ActiveCfg = Debug|Any CPU
		{6FED563E-8735-42F2-A698-8887866E2294}.Debug|Any CPU.Build.0 = Debug|Any CPU
		{6FED563E-8735-42F2-A698-8887866E2294}.Release|Any CPU.ActiveCfg = Release|Any CPU
		{6FED563E-8735-42F2-A698-8887866E2294}.Release|Any CPU.Build.0 = Release|Any CPU
		{10400412-4C06-475D-9924-E1A8F620947D}.Debug|Any CPU.ActiveCfg = Debug|Any CPU
		{10400412-4C06-475D-9924-E1A8F620947D}.Debug|Any CPU.Build.0 = Debug|Any CPU
		{10400412-4C06-475D-9924-E1A8F620947D}.Release|Any CPU.ActiveCfg = Release|Any CPU
		{10400412-4C06-475D-9924-E1A8F620947D}.Release|Any CPU.Build.0 = Release|Any CPU
		{B918C991-83FF-437F-8BB0-D88722209646}.Debug|Any CPU.ActiveCfg = Debug|Any CPU
		{B918C991-83FF-437F-8BB0-D88722209646}.Debug|Any CPU.Build.0 = Debug|Any CPU
		{B918C991-83FF-437F-8BB0-D88722209646}.Release|Any CPU.ActiveCfg = Release|Any CPU
		{B918C991-83FF-437F-8BB0-D88722209646}.Release|Any CPU.Build.0 = Release|Any CPU
		{077A6710-3F5A-49DC-95AD-1681E41BFCBF}.Debug|Any CPU.ActiveCfg = Debug|Any CPU
		{077A6710-3F5A-49DC-95AD-1681E41BFCBF}.Debug|Any CPU.Build.0 = Debug|Any CPU
		{077A6710-3F5A-49DC-95AD-1681E41BFCBF}.Release|Any CPU.ActiveCfg = Release|Any CPU
		{077A6710-3F5A-49DC-95AD-1681E41BFCBF}.Release|Any CPU.Build.0 = Release|Any CPU
	EndGlobalSection
	GlobalSection(SolutionProperties) = preSolution
		HideSolutionNode = FALSE
	EndGlobalSection
	GlobalSection(NestedProjects) = preSolution
		{3C4A41AE-B2F9-40A3-BA0F-B76A1D167730} = {51B6C544-ABCA-4A3A-8885-40FA1F7144D4}
		{10400412-4C06-475D-9924-E1A8F620947D} = {51B6C544-ABCA-4A3A-8885-40FA1F7144D4}
		{B918C991-83FF-437F-8BB0-D88722209646} = {51B6C544-ABCA-4A3A-8885-40FA1F7144D4}
		{077A6710-3F5A-49DC-95AD-1681E41BFCBF} = {51B6C544-ABCA-4A3A-8885-40FA1F7144D4}
	EndGlobalSection
	GlobalSection(ExtensibilityGlobals) = postSolution
		SolutionGuid = {32CB6153-66DE-42A3-BD27-7B93AFA3D7E2}
	EndGlobalSection
EndGlobal
